
Microsoft Visual Studio Solution File, Format Version 12.00
# Visual Studio Version 16
VisualStudioVersion = 16.0.30804.86
MinimumVisualStudioVersion = 10.0.40219.1
Project("{2150E333-8FDC-42A3-9474-1A3956D46DE8}") = "0 - Presentation", "0 - Presentation", "{32972390-C2EB-4CA6-9610-BADB4D628694}"
EndProject
Project("{2150E333-8FDC-42A3-9474-1A3956D46DE8}") = "3 - Domain", "3 - Domain", "{2EBA0369-C89F-4A8E-BCC5-9F98AB975A09}"
EndProject
Project("{2150E333-8FDC-42A3-9474-1A3956D46DE8}") = "4 - Infraestrutura", "4 - Infraestrutura", "{C039718F-6348-4B2A-A5E1-8A8D11D20078}"
EndProject
Project("{2150E333-8FDC-42A3-9474-1A3956D46DE8}") = "1 - Services", "1 - Services", "{C8395A56-9689-4BB0-BB2B-84D1DFFAC9D0}"
EndProject
Project("{2150E333-8FDC-42A3-9474-1A3956D46DE8}") = "2 - Application", "2 - Application", "{0D5DADAB-C76A-4C58-AF63-FD3D07DA07CC}"
EndProject
Project("{2150E333-8FDC-42A3-9474-1A3956D46DE8}") = "4.1 - Data", "4.1 - Data", "{6AE783BC-06C5-44C6-AF90-E8BE1C0766B9}"
EndProject
Project("{2150E333-8FDC-42A3-9474-1A3956D46DE8}") = "4.2 - CrossCutting", "4.2 - CrossCutting", "{F7785488-7CAE-4803-B573-E3AAEEA1DB3A}"
EndProject
Project("{FAE04EC0-301F-11D3-BF4B-00C04F79EFBC}") = "ProjetoModelo.MVC", "src\ProjetoModelo.MVC\ProjetoModelo.MVC.csproj", "{90E186E3-D367-4961-84CF-02326060B48F}"
EndProject
Project("{FAE04EC0-301F-11D3-BF4B-00C04F79EFBC}") = "ProjetoModelo.Infra.Data", "src\ProjetoModelo.Infra.Data\ProjetoModelo.Infra.Data\ProjetoModelo.Infra.Data.csproj", "{40496D6B-B30E-41B1-9F6C-E27129FED698}"
EndProject
Project("{FAE04EC0-301F-11D3-BF4B-00C04F79EFBC}") = "ProjetoModeloDDD.Domain", "src\ProjetoModeloDDD.Domain\ProjetoModeloDDD.Domain.csproj", "{EA71554B-0EDF-4572-9702-8D47C73F725F}"
EndProject
Global
	GlobalSection(SolutionConfigurationPlatforms) = preSolution
		Debug|Any CPU = Debug|Any CPU
		Release|Any CPU = Release|Any CPU
	EndGlobalSection
	GlobalSection(ProjectConfigurationPlatforms) = postSolution
		{90E186E3-D367-4961-84CF-02326060B48F}.Debug|Any CPU.ActiveCfg = Debug|Any CPU
		{90E186E3-D367-4961-84CF-02326060B48F}.Debug|Any CPU.Build.0 = Debug|Any CPU
		{90E186E3-D367-4961-84CF-02326060B48F}.Release|Any CPU.ActiveCfg = Release|Any CPU
		{90E186E3-D367-4961-84CF-02326060B48F}.Release|Any CPU.Build.0 = Release|Any CPU
		{40496D6B-B30E-41B1-9F6C-E27129FED698}.Debug|Any CPU.ActiveCfg = Debug|Any CPU
		{40496D6B-B30E-41B1-9F6C-E27129FED698}.Debug|Any CPU.Build.0 = Debug|Any CPU
		{40496D6B-B30E-41B1-9F6C-E27129FED698}.Release|Any CPU.ActiveCfg = Release|Any CPU
		{40496D6B-B30E-41B1-9F6C-E27129FED698}.Release|Any CPU.Build.0 = Release|Any CPU
		{EA71554B-0EDF-4572-9702-8D47C73F725F}.Debug|Any CPU.ActiveCfg = Debug|Any CPU
		{EA71554B-0EDF-4572-9702-8D47C73F725F}.Debug|Any CPU.Build.0 = Debug|Any CPU
		{EA71554B-0EDF-4572-9702-8D47C73F725F}.Release|Any CPU.ActiveCfg = Release|Any CPU
		{EA71554B-0EDF-4572-9702-8D47C73F725F}.Release|Any CPU.Build.0 = Release|Any CPU
	EndGlobalSection
	GlobalSection(SolutionProperties) = preSolution
		HideSolutionNode = FALSE
	EndGlobalSection
	GlobalSection(NestedProjects) = preSolution
		{6AE783BC-06C5-44C6-AF90-E8BE1C0766B9} = {C039718F-6348-4B2A-A5E1-8A8D11D20078}
		{F7785488-7CAE-4803-B573-E3AAEEA1DB3A} = {C039718F-6348-4B2A-A5E1-8A8D11D20078}
		{90E186E3-D367-4961-84CF-02326060B48F} = {32972390-C2EB-4CA6-9610-BADB4D628694}
		{40496D6B-B30E-41B1-9F6C-E27129FED698} = {6AE783BC-06C5-44C6-AF90-E8BE1C0766B9}
		{EA71554B-0EDF-4572-9702-8D47C73F725F} = {2EBA0369-C89F-4A8E-BCC5-9F98AB975A09}
	EndGlobalSection
	GlobalSection(ExtensibilityGlobals) = postSolution
		SolutionGuid = {F8B6DFD3-4983-4F81-B934-17B1F34D0456}
	EndGlobalSection
EndGlobal
